
Microsoft Visual Studio Solution File, Format Version 12.00
Project("{FAE04EC0-301F-11D3-BF4B-00C04F79EFBC}") = "DataAccess", "DataAccess\DataAccess.csproj", "{0A1E6BA4-FC0B-449F-ACEC-7E530F9707D5}"
EndProject
Project("{FAE04EC0-301F-11D3-BF4B-00C04F79EFBC}") = "DataAccess.Console", "DataAccess.Console\DataAccess.Console.csproj", "{75BF6276-56BB-467E-AA1D-92F8F1AF6C34}"
EndProject
Global
	GlobalSection(SolutionConfigurationPlatforms) = preSolution
		Debug|Any CPU = Debug|Any CPU
		Release|Any CPU = Release|Any CPU
	EndGlobalSection
	GlobalSection(ProjectConfigurationPlatforms) = postSolution
		{0A1E6BA4-FC0B-449F-ACEC-7E530F9707D5}.Debug|Any CPU.ActiveCfg = Debug|Any CPU
		{0A1E6BA4-FC0B-449F-ACEC-7E530F9707D5}.Debug|Any CPU.Build.0 = Debug|Any CPU
		{0A1E6BA4-FC0B-449F-ACEC-7E530F9707D5}.Release|Any CPU.ActiveCfg = Release|Any CPU
		{0A1E6BA4-FC0B-449F-ACEC-7E530F9707D5}.Release|Any CPU.Build.0 = Release|Any CPU
		{75BF6276-56BB-467E-AA1D-92F8F1AF6C34}.Debug|Any CPU.ActiveCfg = Debug|Any CPU
		{75BF6276-56BB-467E-AA1D-92F8F1AF6C34}.Debug|Any CPU.Build.0 = Debug|Any CPU
		{75BF6276-56BB-467E-AA1D-92F8F1AF6C34}.Release|Any CPU.ActiveCfg = Release|Any CPU
		{75BF6276-56BB-467E-AA1D-92F8F1AF6C34}.Release|Any CPU.Build.0 = Release|Any CPU
	EndGlobalSection
EndGlobal
